// !$*UTF8*$!
{
	archiveVersion = 1;
	classes = {
	};
	objectVersion = 46;
	objects = {

/* Begin PBXBuildFile section */
		1F01F15F14DC05FC00D6EF0C /* QuartzCore.framework in Frameworks */ = {isa = PBXBuildFile; fileRef = 1F01F15E14DC05FC00D6EF0C /* QuartzCore.framework */; };
		1F294E1714D7515A00A24AED /* Security.framework in Frameworks */ = {isa = PBXBuildFile; fileRef = 1F294E1614D7515A00A24AED /* Security.framework */; };
		1F294E1A14D7558600A24AED /* MTESyncManagerSpec.mm in Sources */ = {isa = PBXBuildFile; fileRef = 1F294E1914D7558600A24AED /* MTESyncManagerSpec.mm */; settings = {COMPILER_FLAGS = "-fno-objc-arc"; }; };
		1F7BF97914D4429500D7F4A3 /* UIKit.framework in Frameworks */ = {isa = PBXBuildFile; fileRef = 1F7BF97814D4429500D7F4A3 /* UIKit.framework */; };
		1F7BF97B14D4429500D7F4A3 /* Foundation.framework in Frameworks */ = {isa = PBXBuildFile; fileRef = 1F7BF97A14D4429500D7F4A3 /* Foundation.framework */; };
		1F7BF97D14D4429500D7F4A3 /* CoreGraphics.framework in Frameworks */ = {isa = PBXBuildFile; fileRef = 1F7BF97C14D4429500D7F4A3 /* CoreGraphics.framework */; };
		1F7BF97F14D4429500D7F4A3 /* CoreData.framework in Frameworks */ = {isa = PBXBuildFile; fileRef = 1F7BF97E14D4429500D7F4A3 /* CoreData.framework */; };
		1F7BF99614D4429500D7F4A3 /* SenTestingKit.framework in Frameworks */ = {isa = PBXBuildFile; fileRef = 1F7BF99514D4429500D7F4A3 /* SenTestingKit.framework */; };
		1F7BF99714D4429500D7F4A3 /* UIKit.framework in Frameworks */ = {isa = PBXBuildFile; fileRef = 1F7BF97814D4429500D7F4A3 /* UIKit.framework */; };
		1F7BF99814D4429500D7F4A3 /* Foundation.framework in Frameworks */ = {isa = PBXBuildFile; fileRef = 1F7BF97A14D4429500D7F4A3 /* Foundation.framework */; };
		1F7BF99914D4429500D7F4A3 /* CoreData.framework in Frameworks */ = {isa = PBXBuildFile; fileRef = 1F7BF97E14D4429500D7F4A3 /* CoreData.framework */; };
		1F7BF9A114D4429500D7F4A3 /* InfoPlist.strings in Resources */ = {isa = PBXBuildFile; fileRef = 1F7BF99F14D4429500D7F4A3 /* InfoPlist.strings */; };
		1F7BF9A414D4429500D7F4A3 /* myteeTests.m in Sources */ = {isa = PBXBuildFile; fileRef = 1F7BF9A314D4429500D7F4A3 /* myteeTests.m */; };
		1FA1EA3115850FFA00A78FA8 /* MapKit.framework in Frameworks */ = {isa = PBXBuildFile; fileRef = 1FA1EA2E15850F8200A78FA8 /* MapKit.framework */; };
		1FA1EA401585168800A78FA8 /* CoreLocation.framework in Frameworks */ = {isa = PBXBuildFile; fileRef = 1FA1EA3F1585168800A78FA8 /* CoreLocation.framework */; };
		1FA5434C197162BB00D49FA9 /* Images.xcassets in Resources */ = {isa = PBXBuildFile; fileRef = 1FA5434B197162BB00D49FA9 /* Images.xcassets */; };
		1FA54351197162CB00D49FA9 /* Storyboard_iPad.storyboard in Resources */ = {isa = PBXBuildFile; fileRef = 1FA5434D197162CB00D49FA9 /* Storyboard_iPad.storyboard */; };
		1FA54352197162CB00D49FA9 /* Storyboard_iPhone.storyboard in Resources */ = {isa = PBXBuildFile; fileRef = 1FA5434F197162CB00D49FA9 /* Storyboard_iPhone.storyboard */; };
		1FA54358197162E800D49FA9 /* mytee.xcdatamodeld in Sources */ = {isa = PBXBuildFile; fileRef = 1FA54353197162E800D49FA9 /* mytee.xcdatamodeld */; };
		1FA5435F1971632300D49FA9 /* InfoPlist.strings in Resources */ = {isa = PBXBuildFile; fileRef = 1FA5435A1971632300D49FA9 /* InfoPlist.strings */; };
		1FA543601971632300D49FA9 /* main.m in Sources */ = {isa = PBXBuildFile; fileRef = 1FA5435C1971632300D49FA9 /* main.m */; };
		1FA543611971632300D49FA9 /* mytee-Info.plist in Resources */ = {isa = PBXBuildFile; fileRef = 1FA5435D1971632300D49FA9 /* mytee-Info.plist */; };
		1FA543911971633900D49FA9 /* MTEAnimator.m in Sources */ = {isa = PBXBuildFile; fileRef = 1FA543631971633900D49FA9 /* MTEAnimator.m */; };
		1FA543921971633900D49FA9 /* MTEAppDelegate.m in Sources */ = {isa = PBXBuildFile; fileRef = 1FA543651971633900D49FA9 /* MTEAppDelegate.m */; };
		1FA543931971633900D49FA9 /* MTEAuthenticationManager.m in Sources */ = {isa = PBXBuildFile; fileRef = 1FA543671971633900D49FA9 /* MTEAuthenticationManager.m */; };
		1FA543941971633900D49FA9 /* MTELoginViewController.m in Sources */ = {isa = PBXBuildFile; fileRef = 1FA5436A1971633900D49FA9 /* MTELoginViewController.m */; };
		1FA543951971633900D49FA9 /* MTEMyTeeAPIClient.m in Sources */ = {isa = PBXBuildFile; fileRef = 1FA5436C1971633900D49FA9 /* MTEMyTeeAPIClient.m */; };
		1FA543961971633900D49FA9 /* MTENavigationControllerDelegate.m in Sources */ = {isa = PBXBuildFile; fileRef = 1FA5436E1971633900D49FA9 /* MTENavigationControllerDelegate.m */; };
		1FA543971971633900D49FA9 /* MTESettingCell.m in Sources */ = {isa = PBXBuildFile; fileRef = 1FA543701971633900D49FA9 /* MTESettingCell.m */; };
		1FA543981971633900D49FA9 /* MTESettingsManager.m in Sources */ = {isa = PBXBuildFile; fileRef = 1FA543721971633900D49FA9 /* MTESettingsManager.m */; };
		1FA543991971633900D49FA9 /* MTESettingsViewController.m in Sources */ = {isa = PBXBuildFile; fileRef = 1FA543741971633900D49FA9 /* MTESettingsViewController.m */; };
		1FA5439A1971633900D49FA9 /* MTESettingSwitchCell.m in Sources */ = {isa = PBXBuildFile; fileRef = 1FA543761971633900D49FA9 /* MTESettingSwitchCell.m */; };
		1FA5439B1971633900D49FA9 /* MTEStore.m in Sources */ = {isa = PBXBuildFile; fileRef = 1FA543781971633900D49FA9 /* MTEStore.m */; };
		1FA5439C1971633900D49FA9 /* MTEStoreOnlineViewController.m in Sources */ = {isa = PBXBuildFile; fileRef = 1FA5437A1971633900D49FA9 /* MTEStoreOnlineViewController.m */; };
		1FA5439D1971633900D49FA9 /* MTEStoreRetailViewController.m in Sources */ = {isa = PBXBuildFile; fileRef = 1FA5437C1971633900D49FA9 /* MTEStoreRetailViewController.m */; };
		1FA5439E1971633900D49FA9 /* MTEStoreViewController.m in Sources */ = {isa = PBXBuildFile; fileRef = 1FA5437E1971633900D49FA9 /* MTEStoreViewController.m */; };
		1FA5439F1971633900D49FA9 /* MTESyncManager.m in Sources */ = {isa = PBXBuildFile; fileRef = 1FA543801971633900D49FA9 /* MTESyncManager.m */; };
		1FA543A01971633900D49FA9 /* MTETShirt.m in Sources */ = {isa = PBXBuildFile; fileRef = 1FA543821971633900D49FA9 /* MTETShirt.m */; };
		1FA543A11971633900D49FA9 /* MTETShirtCell.m in Sources */ = {isa = PBXBuildFile; fileRef = 1FA543841971633900D49FA9 /* MTETShirtCell.m */; };
		1FA543A21971633900D49FA9 /* MTETShirtsViewController.m in Sources */ = {isa = PBXBuildFile; fileRef = 1FA543861971633900D49FA9 /* MTETShirtsViewController.m */; };
		1FA543A31971633900D49FA9 /* MTETShirtViewController.m in Sources */ = {isa = PBXBuildFile; fileRef = 1FA543881971633900D49FA9 /* MTETShirtViewController.m */; };
		1FA543A41971633900D49FA9 /* MTEWash.m in Sources */ = {isa = PBXBuildFile; fileRef = 1FA5438A1971633900D49FA9 /* MTEWash.m */; };
		1FA543A51971633900D49FA9 /* MTEWear.m in Sources */ = {isa = PBXBuildFile; fileRef = 1FA5438C1971633900D49FA9 /* MTEWear.m */; };
		1FA543A61971633900D49FA9 /* MTEWearWashViewController.m in Sources */ = {isa = PBXBuildFile; fileRef = 1FA5438E1971633900D49FA9 /* MTEWearWashViewController.m */; };
		1FA543A71971633900D49FA9 /* NSString+NSStringURL.m in Sources */ = {isa = PBXBuildFile; fileRef = 1FA543901971633900D49FA9 /* NSString+NSStringURL.m */; };
		1FF7D5E014D88E3F000BDE04 /* CFNetwork.framework in Frameworks */ = {isa = PBXBuildFile; fileRef = 1FF7D5DF14D88E3F000BDE04 /* CFNetwork.framework */; };
		1FF7D5E214D88E51000BDE04 /* MobileCoreServices.framework in Frameworks */ = {isa = PBXBuildFile; fileRef = 1FF7D5E114D88E51000BDE04 /* MobileCoreServices.framework */; };
		1FF7D5E414D88E58000BDE04 /* SystemConfiguration.framework in Frameworks */ = {isa = PBXBuildFile; fileRef = 1FF7D5E314D88E58000BDE04 /* SystemConfiguration.framework */; };
		32C3C5BB663E40998C1481E5 /* libPods.a in Frameworks */ = {isa = PBXBuildFile; fileRef = 26E53B393D6747B38F80051E /* libPods.a */; };
/* End PBXBuildFile section */

/* Begin PBXContainerItemProxy section */
		1F7BF99A14D4429500D7F4A3 /* PBXContainerItemProxy */ = {
			isa = PBXContainerItemProxy;
			containerPortal = 1F7BF96B14D4429400D7F4A3 /* Project object */;
			proxyType = 1;
			remoteGlobalIDString = 1F7BF97314D4429500D7F4A3;
			remoteInfo = mytee;
		};
/* End PBXContainerItemProxy section */

/* Begin PBXFileReference section */
		15A5273C9C654B3A99350E1E /* Pods.xcconfig */ = {isa = PBXFileReference; includeInIndex = 1; lastKnownFileType = text.xcconfig; name = Pods.xcconfig; path = Pods/Pods.xcconfig; sourceTree = SOURCE_ROOT; };
		1F01F15E14DC05FC00D6EF0C /* QuartzCore.framework */ = {isa = PBXFileReference; lastKnownFileType = wrapper.framework; name = QuartzCore.framework; path = System/Library/Frameworks/QuartzCore.framework; sourceTree = SDKROOT; };
		1F294E1614D7515A00A24AED /* Security.framework */ = {isa = PBXFileReference; lastKnownFileType = wrapper.framework; name = Security.framework; path = System/Library/Frameworks/Security.framework; sourceTree = SDKROOT; };
		1F294E1914D7558600A24AED /* MTESyncManagerSpec.mm */ = {isa = PBXFileReference; fileEncoding = 4; lastKnownFileType = sourcecode.cpp.objcpp; name = MTESyncManagerSpec.mm; path = MyTeeTests/Specs/MTESyncManagerSpec.mm; sourceTree = SOURCE_ROOT; };
		1F7BF97414D4429500D7F4A3 /* MyTee-iOS.app */ = {isa = PBXFileReference; explicitFileType = wrapper.application; includeInIndex = 0; path = "MyTee-iOS.app"; sourceTree = BUILT_PRODUCTS_DIR; };
		1F7BF97814D4429500D7F4A3 /* UIKit.framework */ = {isa = PBXFileReference; lastKnownFileType = wrapper.framework; name = UIKit.framework; path = System/Library/Frameworks/UIKit.framework; sourceTree = SDKROOT; };
		1F7BF97A14D4429500D7F4A3 /* Foundation.framework */ = {isa = PBXFileReference; lastKnownFileType = wrapper.framework; name = Foundation.framework; path = System/Library/Frameworks/Foundation.framework; sourceTree = SDKROOT; };
		1F7BF97C14D4429500D7F4A3 /* CoreGraphics.framework */ = {isa = PBXFileReference; lastKnownFileType = wrapper.framework; name = CoreGraphics.framework; path = System/Library/Frameworks/CoreGraphics.framework; sourceTree = SDKROOT; };
		1F7BF97E14D4429500D7F4A3 /* CoreData.framework */ = {isa = PBXFileReference; lastKnownFileType = wrapper.framework; name = CoreData.framework; path = System/Library/Frameworks/CoreData.framework; sourceTree = SDKROOT; };
		1F7BF99414D4429500D7F4A3 /* MyTee-iOSTests.octest */ = {isa = PBXFileReference; explicitFileType = wrapper.cfbundle; includeInIndex = 0; path = "MyTee-iOSTests.octest"; sourceTree = BUILT_PRODUCTS_DIR; };
		1F7BF99514D4429500D7F4A3 /* SenTestingKit.framework */ = {isa = PBXFileReference; lastKnownFileType = wrapper.framework; name = SenTestingKit.framework; path = Library/Frameworks/SenTestingKit.framework; sourceTree = DEVELOPER_DIR; };
		1F7BF99E14D4429500D7F4A3 /* myteeTests-Info.plist */ = {isa = PBXFileReference; lastKnownFileType = text.plist.xml; path = "myteeTests-Info.plist"; sourceTree = "<group>"; };
		1F7BF9A014D4429500D7F4A3 /* en */ = {isa = PBXFileReference; lastKnownFileType = text.plist.strings; name = en; path = en.lproj/InfoPlist.strings; sourceTree = "<group>"; };
		1F7BF9A214D4429500D7F4A3 /* myteeTests.h */ = {isa = PBXFileReference; lastKnownFileType = sourcecode.c.h; path = myteeTests.h; sourceTree = "<group>"; };
		1F7BF9A314D4429500D7F4A3 /* myteeTests.m */ = {isa = PBXFileReference; lastKnownFileType = sourcecode.c.objc; path = myteeTests.m; sourceTree = "<group>"; };
		1FA1EA2E15850F8200A78FA8 /* MapKit.framework */ = {isa = PBXFileReference; lastKnownFileType = wrapper.framework; name = MapKit.framework; path = System/Library/Frameworks/MapKit.framework; sourceTree = SDKROOT; };
		1FA1EA3F1585168800A78FA8 /* CoreLocation.framework */ = {isa = PBXFileReference; lastKnownFileType = wrapper.framework; name = CoreLocation.framework; path = System/Library/Frameworks/CoreLocation.framework; sourceTree = SDKROOT; };
		1FA5434B197162BB00D49FA9 /* Images.xcassets */ = {isa = PBXFileReference; lastKnownFileType = folder.assetcatalog; name = Images.xcassets; path = "MyTee-iOS/Images.xcassets"; sourceTree = SOURCE_ROOT; };
		1FA5434E197162CB00D49FA9 /* Base */ = {isa = PBXFileReference; lastKnownFileType = file.storyboard; name = Base; path = "MyTee-iOS/Base.lproj/Storyboard_iPad.storyboard"; sourceTree = SOURCE_ROOT; };
		1FA54350197162CB00D49FA9 /* Base */ = {isa = PBXFileReference; lastKnownFileType = file.storyboard; name = Base; path = "MyTee-iOS/Base.lproj/Storyboard_iPhone.storyboard"; sourceTree = SOURCE_ROOT; };
		1FA54354197162E800D49FA9 /* mytee 2.xcdatamodel */ = {isa = PBXFileReference; lastKnownFileType = wrapper.xcdatamodel; path = "mytee 2.xcdatamodel"; sourceTree = "<group>"; };
		1FA54355197162E800D49FA9 /* mytee 3 indexed.xcdatamodel */ = {isa = PBXFileReference; lastKnownFileType = wrapper.xcdatamodel; path = "mytee 3 indexed.xcdatamodel"; sourceTree = "<group>"; };
		1FA54356197162E800D49FA9 /* mytee 4 factors.xcdatamodel */ = {isa = PBXFileReference; lastKnownFileType = wrapper.xcdatamodel; path = "mytee 4 factors.xcdatamodel"; sourceTree = "<group>"; };
		1FA54357197162E800D49FA9 /* mytee.xcdatamodel */ = {isa = PBXFileReference; lastKnownFileType = wrapper.xcdatamodel; path = mytee.xcdatamodel; sourceTree = "<group>"; };
		1FA5435B1971632300D49FA9 /* en */ = {isa = PBXFileReference; lastKnownFileType = text.plist.strings; name = en; path = "MyTee-iOS/en.lproj/InfoPlist.strings"; sourceTree = SOURCE_ROOT; };
		1FA5435C1971632300D49FA9 /* main.m */ = {isa = PBXFileReference; fileEncoding = 4; lastKnownFileType = sourcecode.c.objc; name = main.m; path = "MyTee-iOS/main.m"; sourceTree = SOURCE_ROOT; };
		1FA5435D1971632300D49FA9 /* mytee-Info.plist */ = {isa = PBXFileReference; fileEncoding = 4; lastKnownFileType = text.plist.xml; name = "mytee-Info.plist"; path = "MyTee-iOS/mytee-Info.plist"; sourceTree = SOURCE_ROOT; };
		1FA5435E1971632300D49FA9 /* mytee-Prefix.pch */ = {isa = PBXFileReference; fileEncoding = 4; lastKnownFileType = sourcecode.c.h; name = "mytee-Prefix.pch"; path = "MyTee-iOS/mytee-Prefix.pch"; sourceTree = SOURCE_ROOT; };
		1FA543621971633900D49FA9 /* MTEAnimator.h */ = {isa = PBXFileReference; fileEncoding = 4; lastKnownFileType = sourcecode.c.h; name = MTEAnimator.h; path = "MyTee-iOS/Classes/MTEAnimator.h"; sourceTree = SOURCE_ROOT; };
		1FA543631971633900D49FA9 /* MTEAnimator.m */ = {isa = PBXFileReference; fileEncoding = 4; lastKnownFileType = sourcecode.c.objc; name = MTEAnimator.m; path = "MyTee-iOS/Classes/MTEAnimator.m"; sourceTree = SOURCE_ROOT; };
		1FA543641971633900D49FA9 /* MTEAppDelegate.h */ = {isa = PBXFileReference; fileEncoding = 4; lastKnownFileType = sourcecode.c.h; name = MTEAppDelegate.h; path = "MyTee-iOS/Classes/MTEAppDelegate.h"; sourceTree = SOURCE_ROOT; };
		1FA543651971633900D49FA9 /* MTEAppDelegate.m */ = {isa = PBXFileReference; fileEncoding = 4; lastKnownFileType = sourcecode.c.objc; name = MTEAppDelegate.m; path = "MyTee-iOS/Classes/MTEAppDelegate.m"; sourceTree = SOURCE_ROOT; };
		1FA543661971633900D49FA9 /* MTEAuthenticationManager.h */ = {isa = PBXFileReference; fileEncoding = 4; lastKnownFileType = sourcecode.c.h; name = MTEAuthenticationManager.h; path = "MyTee-iOS/Classes/MTEAuthenticationManager.h"; sourceTree = SOURCE_ROOT; };
		1FA543671971633900D49FA9 /* MTEAuthenticationManager.m */ = {isa = PBXFileReference; fileEncoding = 4; lastKnownFileType = sourcecode.c.objc; name = MTEAuthenticationManager.m; path = "MyTee-iOS/Classes/MTEAuthenticationManager.m"; sourceTree = SOURCE_ROOT; };
		1FA543681971633900D49FA9 /* MTEConstView.h */ = {isa = PBXFileReference; fileEncoding = 4; lastKnownFileType = sourcecode.c.h; name = MTEConstView.h; path = "MyTee-iOS/Classes/MTEConstView.h"; sourceTree = SOURCE_ROOT; };
		1FA543691971633900D49FA9 /* MTELoginViewController.h */ = {isa = PBXFileReference; fileEncoding = 4; lastKnownFileType = sourcecode.c.h; name = MTELoginViewController.h; path = "MyTee-iOS/Classes/MTELoginViewController.h"; sourceTree = SOURCE_ROOT; };
		1FA5436A1971633900D49FA9 /* MTELoginViewController.m */ = {isa = PBXFileReference; fileEncoding = 4; lastKnownFileType = sourcecode.c.objc; name = MTELoginViewController.m; path = "MyTee-iOS/Classes/MTELoginViewController.m"; sourceTree = SOURCE_ROOT; };
		1FA5436B1971633900D49FA9 /* MTEMyTeeAPIClient.h */ = {isa = PBXFileReference; fileEncoding = 4; lastKnownFileType = sourcecode.c.h; name = MTEMyTeeAPIClient.h; path = "MyTee-iOS/Classes/MTEMyTeeAPIClient.h"; sourceTree = SOURCE_ROOT; };
		1FA5436C1971633900D49FA9 /* MTEMyTeeAPIClient.m */ = {isa = PBXFileReference; fileEncoding = 4; lastKnownFileType = sourcecode.c.objc; name = MTEMyTeeAPIClient.m; path = "MyTee-iOS/Classes/MTEMyTeeAPIClient.m"; sourceTree = SOURCE_ROOT; };
		1FA5436D1971633900D49FA9 /* MTENavigationControllerDelegate.h */ = {isa = PBXFileReference; fileEncoding = 4; lastKnownFileType = sourcecode.c.h; name = MTENavigationControllerDelegate.h; path = "MyTee-iOS/Classes/MTENavigationControllerDelegate.h"; sourceTree = SOURCE_ROOT; };
		1FA5436E1971633900D49FA9 /* MTENavigationControllerDelegate.m */ = {isa = PBXFileReference; fileEncoding = 4; lastKnownFileType = sourcecode.c.objc; name = MTENavigationControllerDelegate.m; path = "MyTee-iOS/Classes/MTENavigationControllerDelegate.m"; sourceTree = SOURCE_ROOT; };
		1FA5436F1971633900D49FA9 /* MTESettingCell.h */ = {isa = PBXFileReference; fileEncoding = 4; lastKnownFileType = sourcecode.c.h; name = MTESettingCell.h; path = "MyTee-iOS/Classes/MTESettingCell.h"; sourceTree = SOURCE_ROOT; };
		1FA543701971633900D49FA9 /* MTESettingCell.m */ = {isa = PBXFileReference; fileEncoding = 4; lastKnownFileType = sourcecode.c.objc; name = MTESettingCell.m; path = "MyTee-iOS/Classes/MTESettingCell.m"; sourceTree = SOURCE_ROOT; };
		1FA543711971633900D49FA9 /* MTESettingsManager.h */ = {isa = PBXFileReference; fileEncoding = 4; lastKnownFileType = sourcecode.c.h; name = MTESettingsManager.h; path = "MyTee-iOS/Classes/MTESettingsManager.h"; sourceTree = SOURCE_ROOT; };
		1FA543721971633900D49FA9 /* MTESettingsManager.m */ = {isa = PBXFileReference; fileEncoding = 4; lastKnownFileType = sourcecode.c.objc; name = MTESettingsManager.m; path = "MyTee-iOS/Classes/MTESettingsManager.m"; sourceTree = SOURCE_ROOT; };
		1FA543731971633900D49FA9 /* MTESettingsViewController.h */ = {isa = PBXFileReference; fileEncoding = 4; lastKnownFileType = sourcecode.c.h; name = MTESettingsViewController.h; path = "MyTee-iOS/Classes/MTESettingsViewController.h"; sourceTree = SOURCE_ROOT; };
		1FA543741971633900D49FA9 /* MTESettingsViewController.m */ = {isa = PBXFileReference; fileEncoding = 4; lastKnownFileType = sourcecode.c.objc; name = MTESettingsViewController.m; path = "MyTee-iOS/Classes/MTESettingsViewController.m"; sourceTree = SOURCE_ROOT; };
		1FA543751971633900D49FA9 /* MTESettingSwitchCell.h */ = {isa = PBXFileReference; fileEncoding = 4; lastKnownFileType = sourcecode.c.h; name = MTESettingSwitchCell.h; path = "MyTee-iOS/Classes/MTESettingSwitchCell.h"; sourceTree = SOURCE_ROOT; };
		1FA543761971633900D49FA9 /* MTESettingSwitchCell.m */ = {isa = PBXFileReference; fileEncoding = 4; lastKnownFileType = sourcecode.c.objc; name = MTESettingSwitchCell.m; path = "MyTee-iOS/Classes/MTESettingSwitchCell.m"; sourceTree = SOURCE_ROOT; };
		1FA543771971633900D49FA9 /* MTEStore.h */ = {isa = PBXFileReference; fileEncoding = 4; lastKnownFileType = sourcecode.c.h; name = MTEStore.h; path = "MyTee-iOS/Classes/MTEStore.h"; sourceTree = SOURCE_ROOT; };
		1FA543781971633900D49FA9 /* MTEStore.m */ = {isa = PBXFileReference; fileEncoding = 4; lastKnownFileType = sourcecode.c.objc; name = MTEStore.m; path = "MyTee-iOS/Classes/MTEStore.m"; sourceTree = SOURCE_ROOT; };
		1FA543791971633900D49FA9 /* MTEStoreOnlineViewController.h */ = {isa = PBXFileReference; fileEncoding = 4; lastKnownFileType = sourcecode.c.h; name = MTEStoreOnlineViewController.h; path = "MyTee-iOS/Classes/MTEStoreOnlineViewController.h"; sourceTree = SOURCE_ROOT; };
		1FA5437A1971633900D49FA9 /* MTEStoreOnlineViewController.m */ = {isa = PBXFileReference; fileEncoding = 4; lastKnownFileType = sourcecode.c.objc; name = MTEStoreOnlineViewController.m; path = "MyTee-iOS/Classes/MTEStoreOnlineViewController.m"; sourceTree = SOURCE_ROOT; };
		1FA5437B1971633900D49FA9 /* MTEStoreRetailViewController.h */ = {isa = PBXFileReference; fileEncoding = 4; lastKnownFileType = sourcecode.c.h; name = MTEStoreRetailViewController.h; path = "MyTee-iOS/Classes/MTEStoreRetailViewController.h"; sourceTree = SOURCE_ROOT; };
		1FA5437C1971633900D49FA9 /* MTEStoreRetailViewController.m */ = {isa = PBXFileReference; fileEncoding = 4; lastKnownFileType = sourcecode.c.objc; name = MTEStoreRetailViewController.m; path = "MyTee-iOS/Classes/MTEStoreRetailViewController.m"; sourceTree = SOURCE_ROOT; };
		1FA5437D1971633900D49FA9 /* MTEStoreViewController.h */ = {isa = PBXFileReference; fileEncoding = 4; lastKnownFileType = sourcecode.c.h; name = MTEStoreViewController.h; path = "MyTee-iOS/Classes/MTEStoreViewController.h"; sourceTree = SOURCE_ROOT; };
		1FA5437E1971633900D49FA9 /* MTEStoreViewController.m */ = {isa = PBXFileReference; fileEncoding = 4; lastKnownFileType = sourcecode.c.objc; name = MTEStoreViewController.m; path = "MyTee-iOS/Classes/MTEStoreViewController.m"; sourceTree = SOURCE_ROOT; };
		1FA5437F1971633900D49FA9 /* MTESyncManager.h */ = {isa = PBXFileReference; fileEncoding = 4; lastKnownFileType = sourcecode.c.h; name = MTESyncManager.h; path = "MyTee-iOS/Classes/MTESyncManager.h"; sourceTree = SOURCE_ROOT; };
		1FA543801971633900D49FA9 /* MTESyncManager.m */ = {isa = PBXFileReference; fileEncoding = 4; lastKnownFileType = sourcecode.c.objc; name = MTESyncManager.m; path = "MyTee-iOS/Classes/MTESyncManager.m"; sourceTree = SOURCE_ROOT; };
		1FA543811971633900D49FA9 /* MTETShirt.h */ = {isa = PBXFileReference; fileEncoding = 4; lastKnownFileType = sourcecode.c.h; name = MTETShirt.h; path = "MyTee-iOS/Classes/MTETShirt.h"; sourceTree = SOURCE_ROOT; };
		1FA543821971633900D49FA9 /* MTETShirt.m */ = {isa = PBXFileReference; fileEncoding = 4; lastKnownFileType = sourcecode.c.objc; name = MTETShirt.m; path = "MyTee-iOS/Classes/MTETShirt.m"; sourceTree = SOURCE_ROOT; };
		1FA543831971633900D49FA9 /* MTETShirtCell.h */ = {isa = PBXFileReference; fileEncoding = 4; lastKnownFileType = sourcecode.c.h; name = MTETShirtCell.h; path = "MyTee-iOS/Classes/MTETShirtCell.h"; sourceTree = SOURCE_ROOT; };
		1FA543841971633900D49FA9 /* MTETShirtCell.m */ = {isa = PBXFileReference; fileEncoding = 4; lastKnownFileType = sourcecode.c.objc; name = MTETShirtCell.m; path = "MyTee-iOS/Classes/MTETShirtCell.m"; sourceTree = SOURCE_ROOT; };
		1FA543851971633900D49FA9 /* MTETShirtsViewController.h */ = {isa = PBXFileReference; fileEncoding = 4; lastKnownFileType = sourcecode.c.h; name = MTETShirtsViewController.h; path = "MyTee-iOS/Classes/MTETShirtsViewController.h"; sourceTree = SOURCE_ROOT; };
		1FA543861971633900D49FA9 /* MTETShirtsViewController.m */ = {isa = PBXFileReference; fileEncoding = 4; lastKnownFileType = sourcecode.c.objc; name = MTETShirtsViewController.m; path = "MyTee-iOS/Classes/MTETShirtsViewController.m"; sourceTree = SOURCE_ROOT; };
		1FA543871971633900D49FA9 /* MTETShirtViewController.h */ = {isa = PBXFileReference; fileEncoding = 4; lastKnownFileType = sourcecode.c.h; name = MTETShirtViewController.h; path = "MyTee-iOS/Classes/MTETShirtViewController.h"; sourceTree = SOURCE_ROOT; };
		1FA543881971633900D49FA9 /* MTETShirtViewController.m */ = {isa = PBXFileReference; fileEncoding = 4; lastKnownFileType = sourcecode.c.objc; name = MTETShirtViewController.m; path = "MyTee-iOS/Classes/MTETShirtViewController.m"; sourceTree = SOURCE_ROOT; };
		1FA543891971633900D49FA9 /* MTEWash.h */ = {isa = PBXFileReference; fileEncoding = 4; lastKnownFileType = sourcecode.c.h; name = MTEWash.h; path = "MyTee-iOS/Classes/MTEWash.h"; sourceTree = SOURCE_ROOT; };
		1FA5438A1971633900D49FA9 /* MTEWash.m */ = {isa = PBXFileReference; fileEncoding = 4; lastKnownFileType = sourcecode.c.objc; name = MTEWash.m; path = "MyTee-iOS/Classes/MTEWash.m"; sourceTree = SOURCE_ROOT; };
		1FA5438B1971633900D49FA9 /* MTEWear.h */ = {isa = PBXFileReference; fileEncoding = 4; lastKnownFileType = sourcecode.c.h; name = MTEWear.h; path = "MyTee-iOS/Classes/MTEWear.h"; sourceTree = SOURCE_ROOT; };
		1FA5438C1971633900D49FA9 /* MTEWear.m */ = {isa = PBXFileReference; fileEncoding = 4; lastKnownFileType = sourcecode.c.objc; name = MTEWear.m; path = "MyTee-iOS/Classes/MTEWear.m"; sourceTree = SOURCE_ROOT; };
		1FA5438D1971633900D49FA9 /* MTEWearWashViewController.h */ = {isa = PBXFileReference; fileEncoding = 4; lastKnownFileType = sourcecode.c.h; name = MTEWearWashViewController.h; path = "MyTee-iOS/Classes/MTEWearWashViewController.h"; sourceTree = SOURCE_ROOT; };
		1FA5438E1971633900D49FA9 /* MTEWearWashViewController.m */ = {isa = PBXFileReference; fileEncoding = 4; lastKnownFileType = sourcecode.c.objc; name = MTEWearWashViewController.m; path = "MyTee-iOS/Classes/MTEWearWashViewController.m"; sourceTree = SOURCE_ROOT; };
		1FA5438F1971633900D49FA9 /* NSString+NSStringURL.h */ = {isa = PBXFileReference; fileEncoding = 4; lastKnownFileType = sourcecode.c.h; name = "NSString+NSStringURL.h"; path = "MyTee-iOS/Classes/NSString+NSStringURL.h"; sourceTree = SOURCE_ROOT; };
		1FA543901971633900D49FA9 /* NSString+NSStringURL.m */ = {isa = PBXFileReference; fileEncoding = 4; lastKnownFileType = sourcecode.c.objc; name = "NSString+NSStringURL.m"; path = "MyTee-iOS/Classes/NSString+NSStringURL.m"; sourceTree = SOURCE_ROOT; };
		1FF7D5DF14D88E3F000BDE04 /* CFNetwork.framework */ = {isa = PBXFileReference; lastKnownFileType = wrapper.framework; name = CFNetwork.framework; path = System/Library/Frameworks/CFNetwork.framework; sourceTree = SDKROOT; };
		1FF7D5E114D88E51000BDE04 /* MobileCoreServices.framework */ = {isa = PBXFileReference; lastKnownFileType = wrapper.framework; name = MobileCoreServices.framework; path = System/Library/Frameworks/MobileCoreServices.framework; sourceTree = SDKROOT; };
		1FF7D5E314D88E58000BDE04 /* SystemConfiguration.framework */ = {isa = PBXFileReference; lastKnownFileType = wrapper.framework; name = SystemConfiguration.framework; path = System/Library/Frameworks/SystemConfiguration.framework; sourceTree = SDKROOT; };
		26E53B393D6747B38F80051E /* libPods.a */ = {isa = PBXFileReference; explicitFileType = archive.ar; includeInIndex = 0; path = libPods.a; sourceTree = BUILT_PRODUCTS_DIR; };
/* End PBXFileReference section */

/* Begin PBXFrameworksBuildPhase section */
		1F7BF97114D4429500D7F4A3 /* Frameworks */ = {
			isa = PBXFrameworksBuildPhase;
			buildActionMask = 2147483647;
			files = (
				1FA1EA401585168800A78FA8 /* CoreLocation.framework in Frameworks */,
				1FA1EA3115850FFA00A78FA8 /* MapKit.framework in Frameworks */,
				1F01F15F14DC05FC00D6EF0C /* QuartzCore.framework in Frameworks */,
				1FF7D5E414D88E58000BDE04 /* SystemConfiguration.framework in Frameworks */,
				1FF7D5E214D88E51000BDE04 /* MobileCoreServices.framework in Frameworks */,
				1FF7D5E014D88E3F000BDE04 /* CFNetwork.framework in Frameworks */,
				1F294E1714D7515A00A24AED /* Security.framework in Frameworks */,
				1F7BF97914D4429500D7F4A3 /* UIKit.framework in Frameworks */,
				1F7BF97B14D4429500D7F4A3 /* Foundation.framework in Frameworks */,
				1F7BF97D14D4429500D7F4A3 /* CoreGraphics.framework in Frameworks */,
				1F7BF97F14D4429500D7F4A3 /* CoreData.framework in Frameworks */,
				32C3C5BB663E40998C1481E5 /* libPods.a in Frameworks */,
			);
			runOnlyForDeploymentPostprocessing = 0;
		};
		1F7BF99014D4429500D7F4A3 /* Frameworks */ = {
			isa = PBXFrameworksBuildPhase;
			buildActionMask = 2147483647;
			files = (
				1F7BF99614D4429500D7F4A3 /* SenTestingKit.framework in Frameworks */,
				1F7BF99714D4429500D7F4A3 /* UIKit.framework in Frameworks */,
				1F7BF99814D4429500D7F4A3 /* Foundation.framework in Frameworks */,
				1F7BF99914D4429500D7F4A3 /* CoreData.framework in Frameworks */,
			);
			runOnlyForDeploymentPostprocessing = 0;
		};
/* End PBXFrameworksBuildPhase section */

/* Begin PBXGroup section */
		1F294E1814D752F100A24AED /* Specs */ = {
			isa = PBXGroup;
			children = (
				1F294E1914D7558600A24AED /* MTESyncManagerSpec.mm */,
			);
			name = Specs;
			sourceTree = "<group>";
		};
		1F7BF96914D4429400D7F4A3 = {
			isa = PBXGroup;
			children = (
				1F7BF98014D4429500D7F4A3 /* MyTee iOS */,
				1FA54359197162EB00D49FA9 /* Shared */,
				1F7BF99C14D4429500D7F4A3 /* MyTee iOS Tests */,
				1F7BF97714D4429500D7F4A3 /* Frameworks */,
				1F7BF97514D4429500D7F4A3 /* Products */,
				15A5273C9C654B3A99350E1E /* Pods.xcconfig */,
			);
			sourceTree = "<group>";
		};
		1F7BF97514D4429500D7F4A3 /* Products */ = {
			isa = PBXGroup;
			children = (
				1F7BF97414D4429500D7F4A3 /* MyTee-iOS.app */,
				1F7BF99414D4429500D7F4A3 /* MyTee-iOSTests.octest */,
			);
			name = Products;
			sourceTree = "<group>";
		};
		1F7BF97714D4429500D7F4A3 /* Frameworks */ = {
			isa = PBXGroup;
			children = (
				1FA1EA3F1585168800A78FA8 /* CoreLocation.framework */,
				1FA1EA2E15850F8200A78FA8 /* MapKit.framework */,
				1F01F15E14DC05FC00D6EF0C /* QuartzCore.framework */,
				1FF7D5E314D88E58000BDE04 /* SystemConfiguration.framework */,
				1FF7D5E114D88E51000BDE04 /* MobileCoreServices.framework */,
				1FF7D5DF14D88E3F000BDE04 /* CFNetwork.framework */,
				1F294E1614D7515A00A24AED /* Security.framework */,
				1F7BF97814D4429500D7F4A3 /* UIKit.framework */,
				1F7BF97A14D4429500D7F4A3 /* Foundation.framework */,
				1F7BF97C14D4429500D7F4A3 /* CoreGraphics.framework */,
				1F7BF97E14D4429500D7F4A3 /* CoreData.framework */,
				1F7BF99514D4429500D7F4A3 /* SenTestingKit.framework */,
				26E53B393D6747B38F80051E /* libPods.a */,
			);
			name = Frameworks;
			sourceTree = "<group>";
		};
		1F7BF98014D4429500D7F4A3 /* MyTee iOS */ = {
			isa = PBXGroup;
			children = (
				1FA543AB1971636C00D49FA9 /* App delegate */,
				1FA543A81971633D00D49FA9 /* Classes */,
				1FA5434B197162BB00D49FA9 /* Images.xcassets */,
				1FA5434D197162CB00D49FA9 /* Storyboard_iPad.storyboard */,
				1FA5434F197162CB00D49FA9 /* Storyboard_iPhone.storyboard */,
				1F7BF98114D4429500D7F4A3 /* Supporting Files */,
			);
			name = "MyTee iOS";
			path = mytee;
			sourceTree = "<group>";
		};
		1F7BF98114D4429500D7F4A3 /* Supporting Files */ = {
			isa = PBXGroup;
			children = (
				1FA5435A1971632300D49FA9 /* InfoPlist.strings */,
				1FA5435C1971632300D49FA9 /* main.m */,
				1FA5435D1971632300D49FA9 /* mytee-Info.plist */,
				1FA5435E1971632300D49FA9 /* mytee-Prefix.pch */,
			);
			name = "Supporting Files";
			sourceTree = "<group>";
		};
		1F7BF99C14D4429500D7F4A3 /* MyTee iOS Tests */ = {
			isa = PBXGroup;
			children = (
				1F294E1814D752F100A24AED /* Specs */,
				1F7BF9A214D4429500D7F4A3 /* myteeTests.h */,
				1F7BF9A314D4429500D7F4A3 /* myteeTests.m */,
				1F7BF99D14D4429500D7F4A3 /* Supporting Files */,
			);
			name = "MyTee iOS Tests";
			path = myteeTests;
			sourceTree = "<group>";
		};
		1F7BF99D14D4429500D7F4A3 /* Supporting Files */ = {
			isa = PBXGroup;
			children = (
				1F7BF99E14D4429500D7F4A3 /* myteeTests-Info.plist */,
				1F7BF99F14D4429500D7F4A3 /* InfoPlist.strings */,
			);
			name = "Supporting Files";
			sourceTree = "<group>";
		};
		1FA54359197162EB00D49FA9 /* Shared */ = {
			isa = PBXGroup;
			children = (
				1FA543AA1971635900D49FA9 /* Sync */,
				1FA543A91971634800D49FA9 /* Model */,
				1FA54353197162E800D49FA9 /* mytee.xcdatamodeld */,
			);
			name = Shared;
			sourceTree = "<group>";
		};
		1FA543A81971633D00D49FA9 /* Classes */ = {
			isa = PBXGroup;
			children = (
				1FA543621971633900D49FA9 /* MTEAnimator.h */,
				1FA543631971633900D49FA9 /* MTEAnimator.m */,
				1FA543661971633900D49FA9 /* MTEAuthenticationManager.h */,
				1FA543671971633900D49FA9 /* MTEAuthenticationManager.m */,
				1FA543681971633900D49FA9 /* MTEConstView.h */,
				1FA543691971633900D49FA9 /* MTELoginViewController.h */,
				1FA5436A1971633900D49FA9 /* MTELoginViewController.m */,
				1FA5436D1971633900D49FA9 /* MTENavigationControllerDelegate.h */,
				1FA5436E1971633900D49FA9 /* MTENavigationControllerDelegate.m */,
				1FA5436F1971633900D49FA9 /* MTESettingCell.h */,
				1FA543701971633900D49FA9 /* MTESettingCell.m */,
				1FA543711971633900D49FA9 /* MTESettingsManager.h */,
				1FA543721971633900D49FA9 /* MTESettingsManager.m */,
				1FA543731971633900D49FA9 /* MTESettingsViewController.h */,
				1FA543741971633900D49FA9 /* MTESettingsViewController.m */,
				1FA543751971633900D49FA9 /* MTESettingSwitchCell.h */,
				1FA543761971633900D49FA9 /* MTESettingSwitchCell.m */,
				1FA543791971633900D49FA9 /* MTEStoreOnlineViewController.h */,
				1FA5437A1971633900D49FA9 /* MTEStoreOnlineViewController.m */,
				1FA5437B1971633900D49FA9 /* MTEStoreRetailViewController.h */,
				1FA5437C1971633900D49FA9 /* MTEStoreRetailViewController.m */,
				1FA5437D1971633900D49FA9 /* MTEStoreViewController.h */,
				1FA5437E1971633900D49FA9 /* MTEStoreViewController.m */,
				1FA543831971633900D49FA9 /* MTETShirtCell.h */,
				1FA543841971633900D49FA9 /* MTETShirtCell.m */,
				1FA543851971633900D49FA9 /* MTETShirtsViewController.h */,
				1FA543861971633900D49FA9 /* MTETShirtsViewController.m */,
				1FA543871971633900D49FA9 /* MTETShirtViewController.h */,
				1FA543881971633900D49FA9 /* MTETShirtViewController.m */,
				1FA5438D1971633900D49FA9 /* MTEWearWashViewController.h */,
				1FA5438E1971633900D49FA9 /* MTEWearWashViewController.m */,
				1FA5438F1971633900D49FA9 /* NSString+NSStringURL.h */,
				1FA543901971633900D49FA9 /* NSString+NSStringURL.m */,
			);
			name = Classes;
			sourceTree = "<group>";
		};
		1FA543A91971634800D49FA9 /* Model */ = {
			isa = PBXGroup;
			children = (
				1FA543771971633900D49FA9 /* MTEStore.h */,
				1FA543781971633900D49FA9 /* MTEStore.m */,
				1FA543811971633900D49FA9 /* MTETShirt.h */,
				1FA543821971633900D49FA9 /* MTETShirt.m */,
				1FA543891971633900D49FA9 /* MTEWash.h */,
				1FA5438A1971633900D49FA9 /* MTEWash.m */,
				1FA5438B1971633900D49FA9 /* MTEWear.h */,
				1FA5438C1971633900D49FA9 /* MTEWear.m */,
			);
			name = Model;
			path = mytee;
			sourceTree = "<group>";
		};
		1FA543AA1971635900D49FA9 /* Sync */ = {
			isa = PBXGroup;
			children = (
				1FA5436B1971633900D49FA9 /* MTEMyTeeAPIClient.h */,
				1FA5436C1971633900D49FA9 /* MTEMyTeeAPIClient.m */,
				1FA5437F1971633900D49FA9 /* MTESyncManager.h */,
				1FA543801971633900D49FA9 /* MTESyncManager.m */,
			);
			name = Sync;
			path = mytee;
			sourceTree = "<group>";
		};
		1FA543AB1971636C00D49FA9 /* App delegate */ = {
			isa = PBXGroup;
			children = (
				1FA543641971633900D49FA9 /* MTEAppDelegate.h */,
				1FA543651971633900D49FA9 /* MTEAppDelegate.m */,
			);
			name = "App delegate";
			sourceTree = "<group>";
		};
/* End PBXGroup section */

/* Begin PBXNativeTarget section */
		1F7BF97314D4429500D7F4A3 /* MyTee-iOS */ = {
			isa = PBXNativeTarget;
			buildConfigurationList = 1F7BF9A714D4429500D7F4A3 /* Build configuration list for PBXNativeTarget "MyTee-iOS" */;
			buildPhases = (
				1F7BF97014D4429500D7F4A3 /* Sources */,
				1F7BF97114D4429500D7F4A3 /* Frameworks */,
				1F7BF97214D4429500D7F4A3 /* Resources */,
				4BB0A85DC204443D92E55A57 /* Copy Pods Resources */,
			);
			buildRules = (
			);
			dependencies = (
			);
			name = "MyTee-iOS";
			productName = mytee;
			productReference = 1F7BF97414D4429500D7F4A3 /* MyTee-iOS.app */;
			productType = "com.apple.product-type.application";
		};
		1F7BF99314D4429500D7F4A3 /* MyTee-iOSTests */ = {
			isa = PBXNativeTarget;
			buildConfigurationList = 1F7BF9AA14D4429500D7F4A3 /* Build configuration list for PBXNativeTarget "MyTee-iOSTests" */;
			buildPhases = (
				1F7BF98F14D4429500D7F4A3 /* Sources */,
				1F7BF99014D4429500D7F4A3 /* Frameworks */,
				1F7BF99114D4429500D7F4A3 /* Resources */,
				1F7BF99214D4429500D7F4A3 /* ShellScript */,
			);
			buildRules = (
			);
			dependencies = (
				1F7BF99B14D4429500D7F4A3 /* PBXTargetDependency */,
			);
			name = "MyTee-iOSTests";
			productName = myteeTests;
			productReference = 1F7BF99414D4429500D7F4A3 /* MyTee-iOSTests.octest */;
			productType = "com.apple.product-type.bundle";
		};
/* End PBXNativeTarget section */

/* Begin PBXProject section */
		1F7BF96B14D4429400D7F4A3 /* Project object */ = {
			isa = PBXProject;
			attributes = {
				LastTestingUpgradeCheck = 0510;
				LastUpgradeCheck = 0510;
				ORGANIZATIONNAME = "Studio AMANgA";
				TargetAttributes = {
					1F7BF97314D4429500D7F4A3 = {
						SystemCapabilities = {
							com.apple.BackgroundModes = {
								enabled = 1;
							};
						};
					};
					1F7BF99314D4429500D7F4A3 = {
						TestTargetID = 1F7BF97314D4429500D7F4A3;
					};
				};
			};
			buildConfigurationList = 1F7BF96E14D4429500D7F4A3 /* Build configuration list for PBXProject "mytee" */;
			compatibilityVersion = "Xcode 3.2";
			developmentRegion = English;
			hasScannedForEncodings = 0;
			knownRegions = (
				en,
				Base,
			);
			mainGroup = 1F7BF96914D4429400D7F4A3;
			productRefGroup = 1F7BF97514D4429500D7F4A3 /* Products */;
			projectDirPath = "";
			projectRoot = "";
			targets = (
				1F7BF97314D4429500D7F4A3 /* MyTee-iOS */,
				1F7BF99314D4429500D7F4A3 /* MyTee-iOSTests */,
			);
		};
/* End PBXProject section */

/* Begin PBXResourcesBuildPhase section */
		1F7BF97214D4429500D7F4A3 /* Resources */ = {
			isa = PBXResourcesBuildPhase;
			buildActionMask = 2147483647;
			files = (
				1FA543611971632300D49FA9 /* mytee-Info.plist in Resources */,
				1FA5434C197162BB00D49FA9 /* Images.xcassets in Resources */,
				1FA5435F1971632300D49FA9 /* InfoPlist.strings in Resources */,
				1FA54352197162CB00D49FA9 /* Storyboard_iPhone.storyboard in Resources */,
				1FA54351197162CB00D49FA9 /* Storyboard_iPad.storyboard in Resources */,
			);
			runOnlyForDeploymentPostprocessing = 0;
		};
		1F7BF99114D4429500D7F4A3 /* Resources */ = {
			isa = PBXResourcesBuildPhase;
			buildActionMask = 2147483647;
			files = (
				1F7BF9A114D4429500D7F4A3 /* InfoPlist.strings in Resources */,
			);
			runOnlyForDeploymentPostprocessing = 0;
		};
/* End PBXResourcesBuildPhase section */

/* Begin PBXShellScriptBuildPhase section */
		1F7BF99214D4429500D7F4A3 /* ShellScript */ = {
			isa = PBXShellScriptBuildPhase;
			buildActionMask = 2147483647;
			files = (
			);
			inputPaths = (
			);
			outputPaths = (
			);
			runOnlyForDeploymentPostprocessing = 0;
			shellPath = /bin/sh;
			shellScript = "# Run the unit tests in this test bundle.\n\"${SYSTEM_DEVELOPER_DIR}/Tools/RunUnitTests\"\n";
		};
		4BB0A85DC204443D92E55A57 /* Copy Pods Resources */ = {
			isa = PBXShellScriptBuildPhase;
			buildActionMask = 2147483647;
			files = (
			);
			inputPaths = (
			);
			name = "Copy Pods Resources";
			outputPaths = (
			);
			runOnlyForDeploymentPostprocessing = 0;
			shellPath = /bin/sh;
			shellScript = "\"${SRCROOT}/Pods/Pods-resources.sh\"\n";
		};
/* End PBXShellScriptBuildPhase section */

/* Begin PBXSourcesBuildPhase section */
		1F7BF97014D4429500D7F4A3 /* Sources */ = {
			isa = PBXSourcesBuildPhase;
			buildActionMask = 2147483647;
			files = (
				1FA543601971632300D49FA9 /* main.m in Sources */,
				1FA543A41971633900D49FA9 /* MTEWash.m in Sources */,
				1FA543921971633900D49FA9 /* MTEAppDelegate.m in Sources */,
				1FA543971971633900D49FA9 /* MTESettingCell.m in Sources */,
				1FA54358197162E800D49FA9 /* mytee.xcdatamodeld in Sources */,
				1FA543A61971633900D49FA9 /* MTEWearWashViewController.m in Sources */,
				1FA543961971633900D49FA9 /* MTENavigationControllerDelegate.m in Sources */,
				1FA5439E1971633900D49FA9 /* MTEStoreViewController.m in Sources */,
				1FA543A51971633900D49FA9 /* MTEWear.m in Sources */,
				1FA543A01971633900D49FA9 /* MTETShirt.m in Sources */,
				1FA543951971633900D49FA9 /* MTEMyTeeAPIClient.m in Sources */,
				1FA543A31971633900D49FA9 /* MTETShirtViewController.m in Sources */,
				1FA543991971633900D49FA9 /* MTESettingsViewController.m in Sources */,
				1FA543A71971633900D49FA9 /* NSString+NSStringURL.m in Sources */,
				1FA5439A1971633900D49FA9 /* MTESettingSwitchCell.m in Sources */,
				1FA5439C1971633900D49FA9 /* MTEStoreOnlineViewController.m in Sources */,
				1FA543A21971633900D49FA9 /* MTETShirtsViewController.m in Sources */,
				1FA5439D1971633900D49FA9 /* MTEStoreRetailViewController.m in Sources */,
				1FA5439B1971633900D49FA9 /* MTEStore.m in Sources */,
				1FA543941971633900D49FA9 /* MTELoginViewController.m in Sources */,
				1FA543A11971633900D49FA9 /* MTETShirtCell.m in Sources */,
				1FA543931971633900D49FA9 /* MTEAuthenticationManager.m in Sources */,
				1FA5439F1971633900D49FA9 /* MTESyncManager.m in Sources */,
				1FA543911971633900D49FA9 /* MTEAnimator.m in Sources */,
				1FA543981971633900D49FA9 /* MTESettingsManager.m in Sources */,
			);
			runOnlyForDeploymentPostprocessing = 0;
		};
		1F7BF98F14D4429500D7F4A3 /* Sources */ = {
			isa = PBXSourcesBuildPhase;
			buildActionMask = 2147483647;
			files = (
				1F7BF9A414D4429500D7F4A3 /* myteeTests.m in Sources */,
				1F294E1A14D7558600A24AED /* MTESyncManagerSpec.mm in Sources */,
			);
			runOnlyForDeploymentPostprocessing = 0;
		};
/* End PBXSourcesBuildPhase section */

/* Begin PBXTargetDependency section */
		1F7BF99B14D4429500D7F4A3 /* PBXTargetDependency */ = {
			isa = PBXTargetDependency;
			target = 1F7BF97314D4429500D7F4A3 /* MyTee-iOS */;
			targetProxy = 1F7BF99A14D4429500D7F4A3 /* PBXContainerItemProxy */;
		};
/* End PBXTargetDependency section */

/* Begin PBXVariantGroup section */
		1F7BF99F14D4429500D7F4A3 /* InfoPlist.strings */ = {
			isa = PBXVariantGroup;
			children = (
				1F7BF9A014D4429500D7F4A3 /* en */,
			);
			name = InfoPlist.strings;
			sourceTree = "<group>";
		};
		1FA5434D197162CB00D49FA9 /* Storyboard_iPad.storyboard */ = {
			isa = PBXVariantGroup;
			children = (
				1FA5434E197162CB00D49FA9 /* Base */,
			);
			name = Storyboard_iPad.storyboard;
			sourceTree = "<group>";
		};
		1FA5434F197162CB00D49FA9 /* Storyboard_iPhone.storyboard */ = {
			isa = PBXVariantGroup;
			children = (
				1FA54350197162CB00D49FA9 /* Base */,
			);
			name = Storyboard_iPhone.storyboard;
			sourceTree = "<group>";
		};
		1FA5435A1971632300D49FA9 /* InfoPlist.strings */ = {
			isa = PBXVariantGroup;
			children = (
				1FA5435B1971632300D49FA9 /* en */,
			);
			name = InfoPlist.strings;
			sourceTree = "<group>";
		};
/* End PBXVariantGroup section */

/* Begin XCBuildConfiguration section */
		1F7BF9A514D4429500D7F4A3 /* Debug */ = {
			isa = XCBuildConfiguration;
			buildSettings = {
				ALWAYS_SEARCH_USER_PATHS = NO;
				CLANG_ENABLE_OBJC_ARC = YES;
				CLANG_WARN_BOOL_CONVERSION = YES;
				CLANG_WARN_CONSTANT_CONVERSION = YES;
				CLANG_WARN_EMPTY_BODY = YES;
				CLANG_WARN_ENUM_CONVERSION = YES;
				CLANG_WARN_INT_CONVERSION = YES;
				CLANG_WARN__DUPLICATE_METHOD_MATCH = YES;
				"CODE_SIGN_IDENTITY[sdk=iphoneos*]" = "iPhone Developer: Vincent Tourraine (NMF3U5W9WV)";
				COPY_PHASE_STRIP = NO;
				GCC_C_LANGUAGE_STANDARD = gnu99;
				GCC_DYNAMIC_NO_PIC = NO;
				GCC_OPTIMIZATION_LEVEL = 0;
				GCC_PREPROCESSOR_DEFINITIONS = (
					"DEBUG=1",
					"$(inherited)",
				);
				GCC_SYMBOLS_PRIVATE_EXTERN = NO;
				GCC_VERSION = com.apple.compilers.llvm.clang.1_0;
				GCC_WARN_64_TO_32_BIT_CONVERSION = YES;
				GCC_WARN_ABOUT_MISSING_PROTOTYPES = YES;
				GCC_WARN_ABOUT_RETURN_TYPE = YES;
				GCC_WARN_UNDECLARED_SELECTOR = YES;
				GCC_WARN_UNINITIALIZED_AUTOS = YES;
				GCC_WARN_UNUSED_FUNCTION = YES;
				GCC_WARN_UNUSED_VARIABLE = YES;
				IPHONEOS_DEPLOYMENT_TARGET = 5.0;
				ONLY_ACTIVE_ARCH = YES;
				"PROVISIONING_PROFILE[sdk=iphoneos*]" = "CB4CA0D9-1B90-4EE1-939E-E623F4ABAF29";
				SDKROOT = iphoneos;
				TARGETED_DEVICE_FAMILY = "1,2";
			};
			name = Debug;
		};
		1F7BF9A614D4429500D7F4A3 /* Release */ = {
			isa = XCBuildConfiguration;
			buildSettings = {
				ALWAYS_SEARCH_USER_PATHS = NO;
				CLANG_ENABLE_OBJC_ARC = YES;
				CLANG_WARN_BOOL_CONVERSION = YES;
				CLANG_WARN_CONSTANT_CONVERSION = YES;
				CLANG_WARN_EMPTY_BODY = YES;
				CLANG_WARN_ENUM_CONVERSION = YES;
				CLANG_WARN_INT_CONVERSION = YES;
				CLANG_WARN__DUPLICATE_METHOD_MATCH = YES;
				"CODE_SIGN_IDENTITY[sdk=iphoneos*]" = "iPhone Developer";
				COPY_PHASE_STRIP = YES;
				GCC_C_LANGUAGE_STANDARD = gnu99;
				GCC_VERSION = com.apple.compilers.llvm.clang.1_0;
				GCC_WARN_64_TO_32_BIT_CONVERSION = YES;
				GCC_WARN_ABOUT_MISSING_PROTOTYPES = YES;
				GCC_WARN_ABOUT_RETURN_TYPE = YES;
				GCC_WARN_UNDECLARED_SELECTOR = YES;
				GCC_WARN_UNINITIALIZED_AUTOS = YES;
				GCC_WARN_UNUSED_FUNCTION = YES;
				GCC_WARN_UNUSED_VARIABLE = YES;
				IPHONEOS_DEPLOYMENT_TARGET = 5.0;
				OTHER_CFLAGS = "-DNS_BLOCK_ASSERTIONS=1";
				SDKROOT = iphoneos;
				TARGETED_DEVICE_FAMILY = "1,2";
				VALIDATE_PRODUCT = YES;
			};
			name = Release;
		};
		1F7BF9A814D4429500D7F4A3 /* Debug */ = {
			isa = XCBuildConfiguration;
			baseConfigurationReference = 15A5273C9C654B3A99350E1E /* Pods.xcconfig */;
			buildSettings = {
				ASSETCATALOG_COMPILER_APPICON_NAME = AppIcon;
				ASSETCATALOG_COMPILER_LAUNCHIMAGE_NAME = LaunchImage;
				CLANG_ENABLE_MODULES = YES;
				"CODE_SIGN_IDENTITY[sdk=iphoneos*]" = "iPhone Developer";
				GCC_PRECOMPILE_PREFIX_HEADER = YES;
				GCC_PREFIX_HEADER = "MyTee-iOS/mytee-Prefix.pch";
				INFOPLIST_FILE = "MyTee-iOS/mytee-Info.plist";
				IPHONEOS_DEPLOYMENT_TARGET = 7.0;
				OTHER_CPLUSPLUSFLAGS = "";
				OTHER_LDFLAGS = (
					"-all_load",
					"$(inherited)",
				);
				PRODUCT_NAME = "$(TARGET_NAME)";
				"PROVISIONING_PROFILE[sdk=iphoneos*]" = "";
				USER_HEADER_SEARCH_PATHS = "";
				WRAPPER_EXTENSION = app;
			};
			name = Debug;
		};
		1F7BF9A914D4429500D7F4A3 /* Release */ = {
			isa = XCBuildConfiguration;
			baseConfigurationReference = 15A5273C9C654B3A99350E1E /* Pods.xcconfig */;
			buildSettings = {
				ASSETCATALOG_COMPILER_APPICON_NAME = AppIcon;
				ASSETCATALOG_COMPILER_LAUNCHIMAGE_NAME = LaunchImage;
				CLANG_ENABLE_MODULES = YES;
				"CODE_SIGN_IDENTITY[sdk=iphoneos*]" = "iPhone Distribution";
				GCC_PRECOMPILE_PREFIX_HEADER = YES;
				GCC_PREFIX_HEADER = "MyTee-iOS/mytee-Prefix.pch";
				INFOPLIST_FILE = "MyTee-iOS/mytee-Info.plist";
				IPHONEOS_DEPLOYMENT_TARGET = 7.0;
				OTHER_CPLUSPLUSFLAGS = "";
				OTHER_LDFLAGS = (
					"-all_load",
					"$(inherited)",
				);
				PRODUCT_NAME = "$(TARGET_NAME)";
				"PROVISIONING_PROFILE[sdk=iphoneos*]" = "";
				USER_HEADER_SEARCH_PATHS = "";
				WRAPPER_EXTENSION = app;
			};
			name = Release;
		};
		1F7BF9AB14D4429500D7F4A3 /* Debug */ = {
			isa = XCBuildConfiguration;
			buildSettings = {
				BUNDLE_LOADER = "$(BUILT_PRODUCTS_DIR)/MyTee-iOS.app/MyTee-iOS";
				CLANG_ENABLE_MODULES = YES;
				CODE_SIGN_IDENTITY = "iPhone Developer";
				"CODE_SIGN_IDENTITY[sdk=iphoneos*]" = "iPhone Developer";
				FRAMEWORK_SEARCH_PATHS = (
					"$(SDKROOT)/Developer/Library/Frameworks",
					"$(DEVELOPER_LIBRARY_DIR)/Frameworks",
				);
				GCC_PRECOMPILE_PREFIX_HEADER = YES;
				GCC_PREFIX_HEADER = "mytee/mytee-Prefix.pch";
				INFOPLIST_FILE = "myteeTests/myteeTests-Info.plist";
				OTHER_LDFLAGS = (
					"-ObjC",
					"-all_load",
					"-lstdc++",
				);
				PRODUCT_NAME = "$(TARGET_NAME)";
				PROVISIONING_PROFILE = "";
				"PROVISIONING_PROFILE[sdk=iphoneos*]" = "";
				TEST_HOST = "$(BUNDLE_LOADER)";
				USER_HEADER_SEARCH_PATHS = "\"$(PROJECT_DIR)/Libraries/cedar/Source/Headers\"/**";
				WRAPPER_EXTENSION = octest;
			};
			name = Debug;
		};
		1F7BF9AC14D4429500D7F4A3 /* Release */ = {
			isa = XCBuildConfiguration;
			buildSettings = {
				BUNDLE_LOADER = "$(BUILT_PRODUCTS_DIR)/MyTee-iOS.app/MyTee-iOS";
				CLANG_ENABLE_MODULES = YES;
				CODE_SIGN_IDENTITY = "iPhone Developer";
				FRAMEWORK_SEARCH_PATHS = (
					"$(SDKROOT)/Developer/Library/Frameworks",
					"$(DEVELOPER_LIBRARY_DIR)/Frameworks",
				);
				GCC_PRECOMPILE_PREFIX_HEADER = YES;
				GCC_PREFIX_HEADER = "mytee/mytee-Prefix.pch";
				INFOPLIST_FILE = "myteeTests/myteeTests-Info.plist";
				OTHER_LDFLAGS = (
					"-ObjC",
					"-all_load",
					"-lstdc++",
				);
				PRODUCT_NAME = "$(TARGET_NAME)";
				PROVISIONING_PROFILE = "";
				TEST_HOST = "$(BUNDLE_LOADER)";
				USER_HEADER_SEARCH_PATHS = "\"$(PROJECT_DIR)/Libraries/cedar/Source/Headers\"/**";
				WRAPPER_EXTENSION = octest;
			};
			name = Release;
		};
/* End XCBuildConfiguration section */

/* Begin XCConfigurationList section */
		1F7BF96E14D4429500D7F4A3 /* Build configuration list for PBXProject "mytee" */ = {
			isa = XCConfigurationList;
			buildConfigurations = (
				1F7BF9A514D4429500D7F4A3 /* Debug */,
				1F7BF9A614D4429500D7F4A3 /* Release */,
			);
			defaultConfigurationIsVisible = 0;
			defaultConfigurationName = Release;
		};
		1F7BF9A714D4429500D7F4A3 /* Build configuration list for PBXNativeTarget "MyTee-iOS" */ = {
			isa = XCConfigurationList;
			buildConfigurations = (
				1F7BF9A814D4429500D7F4A3 /* Debug */,
				1F7BF9A914D4429500D7F4A3 /* Release */,
			);
			defaultConfigurationIsVisible = 0;
			defaultConfigurationName = Release;
		};
		1F7BF9AA14D4429500D7F4A3 /* Build configuration list for PBXNativeTarget "MyTee-iOSTests" */ = {
			isa = XCConfigurationList;
			buildConfigurations = (
				1F7BF9AB14D4429500D7F4A3 /* Debug */,
				1F7BF9AC14D4429500D7F4A3 /* Release */,
			);
			defaultConfigurationIsVisible = 0;
			defaultConfigurationName = Release;
		};
/* End XCConfigurationList section */

/* Begin XCVersionGroup section */
		1FA54353197162E800D49FA9 /* mytee.xcdatamodeld */ = {
			isa = XCVersionGroup;
			children = (
				1FA54354197162E800D49FA9 /* mytee 2.xcdatamodel */,
				1FA54355197162E800D49FA9 /* mytee 3 indexed.xcdatamodel */,
				1FA54356197162E800D49FA9 /* mytee 4 factors.xcdatamodel */,
				1FA54357197162E800D49FA9 /* mytee.xcdatamodel */,
			);
			currentVersion = 1FA54356197162E800D49FA9 /* mytee 4 factors.xcdatamodel */;
			name = mytee.xcdatamodeld;
			path = "MyTee-Shared/mytee.xcdatamodeld";
			sourceTree = "<group>";
			versionGroupType = wrapper.xcdatamodel;
		};
/* End XCVersionGroup section */
	};
	rootObject = 1F7BF96B14D4429400D7F4A3 /* Project object */;
}
